
Microsoft Visual Studio Solution File, Format Version 12.00
# Visual Studio 15
VisualStudioVersion = 15.0.28307.645
MinimumVisualStudioVersion = 10.0.40219.1
Project("{FAE04EC0-301F-11D3-BF4B-00C04F79EFBC}") = "users_app.Android", "users_app\users_app.Android\users_app.Android.csproj", "{85E602E7-E3F7-4215-9085-ADF86FBB46D3}"
EndProject
Project("{FAE04EC0-301F-11D3-BF4B-00C04F79EFBC}") = "users_app.iOS", "users_app\users_app.iOS\users_app.iOS.csproj", "{DDB9F49F-23FF-47F0-9CBD-F077A6D946A5}"
EndProject
Project("{FAE04EC0-301F-11D3-BF4B-00C04F79EFBC}") = "users_app.UWP", "users_app\users_app.UWP\users_app.UWP.csproj", "{A26F17D2-12AB-4148-B253-C1719731C258}"
EndProject
Project("{FAE04EC0-301F-11D3-BF4B-00C04F79EFBC}") = "users_app", "users_app\users_app\users_app.csproj", "{42F00E63-E727-4722-B0DA-84BFFBAA6D8C}"
EndProject
Global
	GlobalSection(SolutionConfigurationPlatforms) = preSolution
		Ad-Hoc|Any CPU = Ad-Hoc|Any CPU
		Ad-Hoc|ARM = Ad-Hoc|ARM
		Ad-Hoc|iPhone = Ad-Hoc|iPhone
		Ad-Hoc|iPhoneSimulator = Ad-Hoc|iPhoneSimulator
		Ad-Hoc|x64 = Ad-Hoc|x64
		Ad-Hoc|x86 = Ad-Hoc|x86
		AppStore|Any CPU = AppStore|Any CPU
		AppStore|ARM = AppStore|ARM
		AppStore|iPhone = AppStore|iPhone
		AppStore|iPhoneSimulator = AppStore|iPhoneSimulator
		AppStore|x64 = AppStore|x64
		AppStore|x86 = AppStore|x86
		Debug|Any CPU = Debug|Any CPU
		Debug|ARM = Debug|ARM
		Debug|iPhone = Debug|iPhone
		Debug|iPhoneSimulator = Debug|iPhoneSimulator
		Debug|x64 = Debug|x64
		Debug|x86 = Debug|x86
		Release|Any CPU = Release|Any CPU
		Release|ARM = Release|ARM
		Release|iPhone = Release|iPhone
		Release|iPhoneSimulator = Release|iPhoneSimulator
		Release|x64 = Release|x64
		Release|x86 = Release|x86
	EndGlobalSection
	GlobalSection(ProjectConfigurationPlatforms) = postSolution
		{85E602E7-E3F7-4215-9085-ADF86FBB46D3}.Ad-Hoc|Any CPU.ActiveCfg = Release|Any CPU
		{85E602E7-E3F7-4215-9085-ADF86FBB46D3}.Ad-Hoc|Any CPU.Build.0 = Release|Any CPU
		{85E602E7-E3F7-4215-9085-ADF86FBB46D3}.Ad-Hoc|Any CPU.Deploy.0 = Release|Any CPU
		{85E602E7-E3F7-4215-9085-ADF86FBB46D3}.Ad-Hoc|ARM.ActiveCfg = Release|Any CPU
		{85E602E7-E3F7-4215-9085-ADF86FBB46D3}.Ad-Hoc|ARM.Build.0 = Release|Any CPU
		{85E602E7-E3F7-4215-9085-ADF86FBB46D3}.Ad-Hoc|ARM.Deploy.0 = Release|Any CPU
		{85E602E7-E3F7-4215-9085-ADF86FBB46D3}.Ad-Hoc|iPhone.ActiveCfg = Release|Any CPU
		{85E602E7-E3F7-4215-9085-ADF86FBB46D3}.Ad-Hoc|iPhone.Build.0 = Release|Any CPU
		{85E602E7-E3F7-4215-9085-ADF86FBB46D3}.Ad-Hoc|iPhone.Deploy.0 = Release|Any CPU
		{85E602E7-E3F7-4215-9085-ADF86FBB46D3}.Ad-Hoc|iPhoneSimulator.ActiveCfg = Release|Any CPU
		{85E602E7-E3F7-4215-9085-ADF86FBB46D3}.Ad-Hoc|iPhoneSimulator.Build.0 = Release|Any CPU
		{85E602E7-E3F7-4215-9085-ADF86FBB46D3}.Ad-Hoc|iPhoneSimulator.Deploy.0 = Release|Any CPU
		{85E602E7-E3F7-4215-9085-ADF86FBB46D3}.Ad-Hoc|x64.ActiveCfg = Release|Any CPU
		{85E602E7-E3F7-4215-9085-ADF86FBB46D3}.Ad-Hoc|x64.Build.0 = Release|Any CPU
		{85E602E7-E3F7-4215-9085-ADF86FBB46D3}.Ad-Hoc|x64.Deploy.0 = Release|Any CPU
		{85E602E7-E3F7-4215-9085-ADF86FBB46D3}.Ad-Hoc|x86.ActiveCfg = Release|Any CPU
		{85E602E7-E3F7-4215-9085-ADF86FBB46D3}.Ad-Hoc|x86.Build.0 = Release|Any CPU
		{85E602E7-E3F7-4215-9085-ADF86FBB46D3}.Ad-Hoc|x86.Deploy.0 = Release|Any CPU
		{85E602E7-E3F7-4215-9085-ADF86FBB46D3}.AppStore|Any CPU.ActiveCfg = Release|Any CPU
		{85E602E7-E3F7-4215-9085-ADF86FBB46D3}.AppStore|Any CPU.Build.0 = Release|Any CPU
		{85E602E7-E3F7-4215-9085-ADF86FBB46D3}.AppStore|Any CPU.Deploy.0 = Release|Any CPU
		{85E602E7-E3F7-4215-9085-ADF86FBB46D3}.AppStore|ARM.ActiveCfg = Release|Any CPU
		{85E602E7-E3F7-4215-9085-ADF86FBB46D3}.AppStore|ARM.Build.0 = Release|Any CPU
		{85E602E7-E3F7-4215-9085-ADF86FBB46D3}.AppStore|ARM.Deploy.0 = Release|Any CPU
		{85E602E7-E3F7-4215-9085-ADF86FBB46D3}.AppStore|iPhone.ActiveCfg = Release|Any CPU
		{85E602E7-E3F7-4215-9085-ADF86FBB46D3}.AppStore|iPhone.Build.0 = Release|Any CPU
		{85E602E7-E3F7-4215-9085-ADF86FBB46D3}.AppStore|iPhone.Deploy.0 = Release|Any CPU
		{85E602E7-E3F7-4215-9085-ADF86FBB46D3}.AppStore|iPhoneSimulator.ActiveCfg = Release|Any CPU
		{85E602E7-E3F7-4215-9085-ADF86FBB46D3}.AppStore|iPhoneSimulator.Build.0 = Release|Any CPU
		{85E602E7-E3F7-4215-9085-ADF86FBB46D3}.AppStore|iPhoneSimulator.Deploy.0 = Release|Any CPU
		{85E602E7-E3F7-4215-9085-ADF86FBB46D3}.AppStore|x64.ActiveCfg = Release|Any CPU
		{85E602E7-E3F7-4215-9085-ADF86FBB46D3}.AppStore|x64.Build.0 = Release|Any CPU
		{85E602E7-E3F7-4215-9085-ADF86FBB46D3}.AppStore|x64.Deploy.0 = Release|Any CPU
		{85E602E7-E3F7-4215-9085-ADF86FBB46D3}.AppStore|x86.ActiveCfg = Release|Any CPU
		{85E602E7-E3F7-4215-9085-ADF86FBB46D3}.AppStore|x86.Build.0 = Release|Any CPU
		{85E602E7-E3F7-4215-9085-ADF86FBB46D3}.AppStore|x86.Deploy.0 = Release|Any CPU
		{85E602E7-E3F7-4215-9085-ADF86FBB46D3}.Debug|Any CPU.ActiveCfg = Debug|Any CPU
		{85E602E7-E3F7-4215-9085-ADF86FBB46D3}.Debug|Any CPU.Build.0 = Debug|Any CPU
		{85E602E7-E3F7-4215-9085-ADF86FBB46D3}.Debug|Any CPU.Deploy.0 = Debug|Any CPU
		{85E602E7-E3F7-4215-9085-ADF86FBB46D3}.Debug|ARM.ActiveCfg = Debug|Any CPU
		{85E602E7-E3F7-4215-9085-ADF86FBB46D3}.Debug|ARM.Build.0 = Debug|Any CPU
		{85E602E7-E3F7-4215-9085-ADF86FBB46D3}.Debug|ARM.Deploy.0 = Debug|Any CPU
		{85E602E7-E3F7-4215-9085-ADF86FBB46D3}.Debug|iPhone.ActiveCfg = Debug|Any CPU
		{85E602E7-E3F7-4215-9085-ADF86FBB46D3}.Debug|iPhone.Build.0 = Debug|Any CPU
		{85E602E7-E3F7-4215-9085-ADF86FBB46D3}.Debug|iPhone.Deploy.0 = Debug|Any CPU
		{85E602E7-E3F7-4215-9085-ADF86FBB46D3}.Debug|iPhoneSimulator.ActiveCfg = Debug|Any CPU
		{85E602E7-E3F7-4215-9085-ADF86FBB46D3}.Debug|iPhoneSimulator.Build.0 = Debug|Any CPU
		{85E602E7-E3F7-4215-9085-ADF86FBB46D3}.Debug|iPhoneSimulator.Deploy.0 = Debug|Any CPU
		{85E602E7-E3F7-4215-9085-ADF86FBB46D3}.Debug|x64.ActiveCfg = Debug|Any CPU
		{85E602E7-E3F7-4215-9085-ADF86FBB46D3}.Debug|x64.Build.0 = Debug|Any CPU
		{85E602E7-E3F7-4215-9085-ADF86FBB46D3}.Debug|x64.Deploy.0 = Debug|Any CPU
		{85E602E7-E3F7-4215-9085-ADF86FBB46D3}.Debug|x86.ActiveCfg = Debug|Any CPU
		{85E602E7-E3F7-4215-9085-ADF86FBB46D3}.Debug|x86.Build.0 = Debug|Any CPU
		{85E602E7-E3F7-4215-9085-ADF86FBB46D3}.Debug|x86.Deploy.0 = Debug|Any CPU
		{85E602E7-E3F7-4215-9085-ADF86FBB46D3}.Release|Any CPU.ActiveCfg = Release|Any CPU
		{85E602E7-E3F7-4215-9085-ADF86FBB46D3}.Release|Any CPU.Build.0 = Release|Any CPU
		{85E602E7-E3F7-4215-9085-ADF86FBB46D3}.Release|Any CPU.Deploy.0 = Release|Any CPU
		{85E602E7-E3F7-4215-9085-ADF86FBB46D3}.Release|ARM.ActiveCfg = Release|Any CPU
		{85E602E7-E3F7-4215-9085-ADF86FBB46D3}.Release|ARM.Build.0 = Release|Any CPU
		{85E602E7-E3F7-4215-9085-ADF86FBB46D3}.Release|ARM.Deploy.0 = Release|Any CPU
		{85E602E7-E3F7-4215-9085-ADF86FBB46D3}.Release|iPhone.ActiveCfg = Release|Any CPU
		{85E602E7-E3F7-4215-9085-ADF86FBB46D3}.Release|iPhone.Build.0 = Release|Any CPU
		{85E602E7-E3F7-4215-9085-ADF86FBB46D3}.Release|iPhone.Deploy.0 = Release|Any CPU
		{85E602E7-E3F7-4215-9085-ADF86FBB46D3}.Release|iPhoneSimulator.ActiveCfg = Release|Any CPU
		{85E602E7-E3F7-4215-9085-ADF86FBB46D3}.Release|iPhoneSimulator.Build.0 = Release|Any CPU
		{85E602E7-E3F7-4215-9085-ADF86FBB46D3}.Release|iPhoneSimulator.Deploy.0 = Release|Any CPU
		{85E602E7-E3F7-4215-9085-ADF86FBB46D3}.Release|x64.ActiveCfg = Release|Any CPU
		{85E602E7-E3F7-4215-9085-ADF86FBB46D3}.Release|x64.Build.0 = Release|Any CPU
		{85E602E7-E3F7-4215-9085-ADF86FBB46D3}.Release|x64.Deploy.0 = Release|Any CPU
		{85E602E7-E3F7-4215-9085-ADF86FBB46D3}.Release|x86.ActiveCfg = Release|Any CPU
		{85E602E7-E3F7-4215-9085-ADF86FBB46D3}.Release|x86.Build.0 = Release|Any CPU
		{85E602E7-E3F7-4215-9085-ADF86FBB46D3}.Release|x86.Deploy.0 = Release|Any CPU
		{DDB9F49F-23FF-47F0-9CBD-F077A6D946A5}.Ad-Hoc|Any CPU.ActiveCfg = Ad-Hoc|iPhone
		{DDB9F49F-23FF-47F0-9CBD-F077A6D946A5}.Ad-Hoc|Any CPU.Build.0 = Ad-Hoc|iPhone
		{DDB9F49F-23FF-47F0-9CBD-F077A6D946A5}.Ad-Hoc|Any CPU.Deploy.0 = Ad-Hoc|iPhone
		{DDB9F49F-23FF-47F0-9CBD-F077A6D946A5}.Ad-Hoc|ARM.ActiveCfg = Ad-Hoc|iPhone
		{DDB9F49F-23FF-47F0-9CBD-F077A6D946A5}.Ad-Hoc|ARM.Build.0 = Ad-Hoc|iPhone
		{DDB9F49F-23FF-47F0-9CBD-F077A6D946A5}.Ad-Hoc|ARM.Deploy.0 = Ad-Hoc|iPhone
		{DDB9F49F-23FF-47F0-9CBD-F077A6D946A5}.Ad-Hoc|iPhone.ActiveCfg = Ad-Hoc|iPhone
		{DDB9F49F-23FF-47F0-9CBD-F077A6D946A5}.Ad-Hoc|iPhone.Build.0 = Ad-Hoc|iPhone
		{DDB9F49F-23FF-47F0-9CBD-F077A6D946A5}.Ad-Hoc|iPhone.Deploy.0 = Ad-Hoc|iPhone
		{DDB9F49F-23FF-47F0-9CBD-F077A6D946A5}.Ad-Hoc|iPhoneSimulator.ActiveCfg = Ad-Hoc|iPhoneSimulator
		{DDB9F49F-23FF-47F0-9CBD-F077A6D946A5}.Ad-Hoc|iPhoneSimulator.Build.0 = Ad-Hoc|iPhoneSimulator
		{DDB9F49F-23FF-47F0-9CBD-F077A6D946A5}.Ad-Hoc|iPhoneSimulator.Deploy.0 = Ad-Hoc|iPhoneSimulator
		{DDB9F49F-23FF-47F0-9CBD-F077A6D946A5}.Ad-Hoc|x64.ActiveCfg = Ad-Hoc|iPhone
		{DDB9F49F-23FF-47F0-9CBD-F077A6D946A5}.Ad-Hoc|x64.Build.0 = Ad-Hoc|iPhone
		{DDB9F49F-23FF-47F0-9CBD-F077A6D946A5}.Ad-Hoc|x64.Deploy.0 = Ad-Hoc|iPhone
		{DDB9F49F-23FF-47F0-9CBD-F077A6D946A5}.Ad-Hoc|x86.ActiveCfg = Ad-Hoc|iPhone
		{DDB9F49F-23FF-47F0-9CBD-F077A6D946A5}.Ad-Hoc|x86.Build.0 = Ad-Hoc|iPhone
		{DDB9F49F-23FF-47F0-9CBD-F077A6D946A5}.Ad-Hoc|x86.Deploy.0 = Ad-Hoc|iPhone
		{DDB9F49F-23FF-47F0-9CBD-F077A6D946A5}.AppStore|Any CPU.ActiveCfg = AppStore|iPhone
		{DDB9F49F-23FF-47F0-9CBD-F077A6D946A5}.AppStore|Any CPU.Build.0 = AppStore|iPhone
		{DDB9F49F-23FF-47F0-9CBD-F077A6D946A5}.AppStore|Any CPU.Deploy.0 = AppStore|iPhone
		{DDB9F49F-23FF-47F0-9CBD-F077A6D946A5}.AppStore|ARM.ActiveCfg = AppStore|iPhone
		{DDB9F49F-23FF-47F0-9CBD-F077A6D946A5}.AppStore|ARM.Build.0 = AppStore|iPhone
		{DDB9F49F-23FF-47F0-9CBD-F077A6D946A5}.AppStore|ARM.Deploy.0 = AppStore|iPhone
		{DDB9F49F-23FF-47F0-9CBD-F077A6D946A5}.AppStore|iPhone.ActiveCfg = AppStore|iPhone
		{DDB9F49F-23FF-47F0-9CBD-F077A6D946A5}.AppStore|iPhone.Build.0 = AppStore|iPhone
		{DDB9F49F-23FF-47F0-9CBD-F077A6D946A5}.AppStore|iPhone.Deploy.0 = AppStore|iPhone
		{DDB9F49F-23FF-47F0-9CBD-F077A6D946A5}.AppStore|iPhoneSimulator.ActiveCfg = AppStore|iPhoneSimulator
		{DDB9F49F-23FF-47F0-9CBD-F077A6D946A5}.AppStore|iPhoneSimulator.Build.0 = AppStore|iPhoneSimulator
		{DDB9F49F-23FF-47F0-9CBD-F077A6D946A5}.AppStore|iPhoneSimulator.Deploy.0 = AppStore|iPhoneSimulator
		{DDB9F49F-23FF-47F0-9CBD-F077A6D946A5}.AppStore|x64.ActiveCfg = AppStore|iPhone
		{DDB9F49F-23FF-47F0-9CBD-F077A6D946A5}.AppStore|x64.Build.0 = AppStore|iPhone
		{DDB9F49F-23FF-47F0-9CBD-F077A6D946A5}.AppStore|x64.Deploy.0 = AppStore|iPhone
		{DDB9F49F-23FF-47F0-9CBD-F077A6D946A5}.AppStore|x86.ActiveCfg = AppStore|iPhone
		{DDB9F49F-23FF-47F0-9CBD-F077A6D946A5}.AppStore|x86.Build.0 = AppStore|iPhone
		{DDB9F49F-23FF-47F0-9CBD-F077A6D946A5}.AppStore|x86.Deploy.0 = AppStore|iPhone
		{DDB9F49F-23FF-47F0-9CBD-F077A6D946A5}.Debug|Any CPU.ActiveCfg = Debug|iPhoneSimulator
		{DDB9F49F-23FF-47F0-9CBD-F077A6D946A5}.Debug|Any CPU.Build.0 = Debug|iPhoneSimulator
		{DDB9F49F-23FF-47F0-9CBD-F077A6D946A5}.Debug|Any CPU.Deploy.0 = Debug|iPhoneSimulator
		{DDB9F49F-23FF-47F0-9CBD-F077A6D946A5}.Debug|ARM.ActiveCfg = Debug|iPhone
		{DDB9F49F-23FF-47F0-9CBD-F077A6D946A5}.Debug|ARM.Build.0 = Debug|iPhone
		{DDB9F49F-23FF-47F0-9CBD-F077A6D946A5}.Debug|ARM.Deploy.0 = Debug|iPhone
		{DDB9F49F-23FF-47F0-9CBD-F077A6D946A5}.Debug|iPhone.ActiveCfg = Debug|iPhone
		{DDB9F49F-23FF-47F0-9CBD-F077A6D946A5}.Debug|iPhone.Build.0 = Debug|iPhone
		{DDB9F49F-23FF-47F0-9CBD-F077A6D946A5}.Debug|iPhone.Deploy.0 = Debug|iPhone
		{DDB9F49F-23FF-47F0-9CBD-F077A6D946A5}.Debug|iPhoneSimulator.ActiveCfg = Debug|iPhoneSimulator
		{DDB9F49F-23FF-47F0-9CBD-F077A6D946A5}.Debug|iPhoneSimulator.Build.0 = Debug|iPhoneSimulator
		{DDB9F49F-23FF-47F0-9CBD-F077A6D946A5}.Debug|iPhoneSimulator.Deploy.0 = Debug|iPhoneSimulator
		{DDB9F49F-23FF-47F0-9CBD-F077A6D946A5}.Debug|x64.ActiveCfg = Debug|iPhone
		{DDB9F49F-23FF-47F0-9CBD-F077A6D946A5}.Debug|x64.Build.0 = Debug|iPhone
		{DDB9F49F-23FF-47F0-9CBD-F077A6D946A5}.Debug|x64.Deploy.0 = Debug|iPhone
		{DDB9F49F-23FF-47F0-9CBD-F077A6D946A5}.Debug|x86.ActiveCfg = Debug|iPhone
		{DDB9F49F-23FF-47F0-9CBD-F077A6D946A5}.Debug|x86.Build.0 = Debug|iPhone
		{DDB9F49F-23FF-47F0-9CBD-F077A6D946A5}.Debug|x86.Deploy.0 = Debug|iPhone
		{DDB9F49F-23FF-47F0-9CBD-F077A6D946A5}.Release|Any CPU.ActiveCfg = Release|iPhone
		{DDB9F49F-23FF-47F0-9CBD-F077A6D946A5}.Release|Any CPU.Build.0 = Release|iPhone
		{DDB9F49F-23FF-47F0-9CBD-F077A6D946A5}.Release|Any CPU.Deploy.0 = Release|iPhone
		{DDB9F49F-23FF-47F0-9CBD-F077A6D946A5}.Release|ARM.ActiveCfg = Release|iPhone
		{DDB9F49F-23FF-47F0-9CBD-F077A6D946A5}.Release|ARM.Build.0 = Release|iPhone
		{DDB9F49F-23FF-47F0-9CBD-F077A6D946A5}.Release|ARM.Deploy.0 = Release|iPhone
		{DDB9F49F-23FF-47F0-9CBD-F077A6D946A5}.Release|iPhone.ActiveCfg = Release|iPhone
		{DDB9F49F-23FF-47F0-9CBD-F077A6D946A5}.Release|iPhone.Build.0 = Release|iPhone
		{DDB9F49F-23FF-47F0-9CBD-F077A6D946A5}.Release|iPhone.Deploy.0 = Release|iPhone
		{DDB9F49F-23FF-47F0-9CBD-F077A6D946A5}.Release|iPhoneSimulator.ActiveCfg = Release|iPhoneSimulator
		{DDB9F49F-23FF-47F0-9CBD-F077A6D946A5}.Release|iPhoneSimulator.Build.0 = Release|iPhoneSimulator
		{DDB9F49F-23FF-47F0-9CBD-F077A6D946A5}.Release|iPhoneSimulator.Deploy.0 = Release|iPhoneSimulator
		{DDB9F49F-23FF-47F0-9CBD-F077A6D946A5}.Release|x64.ActiveCfg = Release|iPhone
		{DDB9F49F-23FF-47F0-9CBD-F077A6D946A5}.Release|x64.Build.0 = Release|iPhone
		{DDB9F49F-23FF-47F0-9CBD-F077A6D946A5}.Release|x64.Deploy.0 = Release|iPhone
		{DDB9F49F-23FF-47F0-9CBD-F077A6D946A5}.Release|x86.ActiveCfg = Release|iPhone
		{DDB9F49F-23FF-47F0-9CBD-F077A6D946A5}.Release|x86.Build.0 = Release|iPhone
		{DDB9F49F-23FF-47F0-9CBD-F077A6D946A5}.Release|x86.Deploy.0 = Release|iPhone
		{A26F17D2-12AB-4148-B253-C1719731C258}.Ad-Hoc|Any CPU.ActiveCfg = Release|x86
		{A26F17D2-12AB-4148-B253-C1719731C258}.Ad-Hoc|Any CPU.Build.0 = Release|x86
		{A26F17D2-12AB-4148-B253-C1719731C258}.Ad-Hoc|Any CPU.Deploy.0 = Release|x86
		{A26F17D2-12AB-4148-B253-C1719731C258}.Ad-Hoc|ARM.ActiveCfg = Release|ARM
		{A26F17D2-12AB-4148-B253-C1719731C258}.Ad-Hoc|ARM.Build.0 = Release|ARM
		{A26F17D2-12AB-4148-B253-C1719731C258}.Ad-Hoc|ARM.Deploy.0 = Release|ARM
		{A26F17D2-12AB-4148-B253-C1719731C258}.Ad-Hoc|iPhone.ActiveCfg = Release|x86
		{A26F17D2-12AB-4148-B253-C1719731C258}.Ad-Hoc|iPhone.Build.0 = Release|x86
		{A26F17D2-12AB-4148-B253-C1719731C258}.Ad-Hoc|iPhone.Deploy.0 = Release|x86
		{A26F17D2-12AB-4148-B253-C1719731C258}.Ad-Hoc|iPhoneSimulator.ActiveCfg = Release|x86
		{A26F17D2-12AB-4148-B253-C1719731C258}.Ad-Hoc|iPhoneSimulator.Build.0 = Release|x86
		{A26F17D2-12AB-4148-B253-C1719731C258}.Ad-Hoc|iPhoneSimulator.Deploy.0 = Release|x86
		{A26F17D2-12AB-4148-B253-C1719731C258}.Ad-Hoc|x64.ActiveCfg = Release|x64
		{A26F17D2-12AB-4148-B253-C1719731C258}.Ad-Hoc|x64.Build.0 = Release|x64
		{A26F17D2-12AB-4148-B253-C1719731C258}.Ad-Hoc|x64.Deploy.0 = Release|x64
		{A26F17D2-12AB-4148-B253-C1719731C258}.Ad-Hoc|x86.ActiveCfg = Release|x86
		{A26F17D2-12AB-4148-B253-C1719731C258}.Ad-Hoc|x86.Build.0 = Release|x86
		{A26F17D2-12AB-4148-B253-C1719731C258}.Ad-Hoc|x86.Deploy.0 = Release|x86
		{A26F17D2-12AB-4148-B253-C1719731C258}.AppStore|Any CPU.ActiveCfg = Release|x86
		{A26F17D2-12AB-4148-B253-C1719731C258}.AppStore|Any CPU.Build.0 = Release|x86
		{A26F17D2-12AB-4148-B253-C1719731C258}.AppStore|Any CPU.Deploy.0 = Release|x86
		{A26F17D2-12AB-4148-B253-C1719731C258}.AppStore|ARM.ActiveCfg = Release|ARM
		{A26F17D2-12AB-4148-B253-C1719731C258}.AppStore|ARM.Build.0 = Release|ARM
		{A26F17D2-12AB-4148-B253-C1719731C258}.AppStore|ARM.Deploy.0 = Release|ARM
		{A26F17D2-12AB-4148-B253-C1719731C258}.AppStore|iPhone.ActiveCfg = Release|x86
		{A26F17D2-12AB-4148-B253-C1719731C258}.AppStore|iPhone.Build.0 = Release|x86
		{A26F17D2-12AB-4148-B253-C1719731C258}.AppStore|iPhone.Deploy.0 = Release|x86
		{A26F17D2-12AB-4148-B253-C1719731C258}.AppStore|iPhoneSimulator.ActiveCfg = Release|x86
		{A26F17D2-12AB-4148-B253-C1719731C258}.AppStore|iPhoneSimulator.Build.0 = Release|x86
		{A26F17D2-12AB-4148-B253-C1719731C258}.AppStore|iPhoneSimulator.Deploy.0 = Release|x86
		{A26F17D2-12AB-4148-B253-C1719731C258}.AppStore|x64.ActiveCfg = Release|x64
		{A26F17D2-12AB-4148-B253-C1719731C258}.AppStore|x64.Build.0 = Release|x64
		{A26F17D2-12AB-4148-B253-C1719731C258}.AppStore|x64.Deploy.0 = Release|x64
		{A26F17D2-12AB-4148-B253-C1719731C258}.AppStore|x86.ActiveCfg = Release|x86
		{A26F17D2-12AB-4148-B253-C1719731C258}.AppStore|x86.Build.0 = Release|x86
		{A26F17D2-12AB-4148-B253-C1719731C258}.AppStore|x86.Deploy.0 = Release|x86
		{A26F17D2-12AB-4148-B253-C1719731C258}.Debug|Any CPU.ActiveCfg = Debug|x86
		{A26F17D2-12AB-4148-B253-C1719731C258}.Debug|Any CPU.Build.0 = Debug|x86
		{A26F17D2-12AB-4148-B253-C1719731C258}.Debug|Any CPU.Deploy.0 = Debug|x86
		{A26F17D2-12AB-4148-B253-C1719731C258}.Debug|ARM.ActiveCfg = Debug|ARM
		{A26F17D2-12AB-4148-B253-C1719731C258}.Debug|ARM.Build.0 = Debug|ARM
		{A26F17D2-12AB-4148-B253-C1719731C258}.Debug|ARM.Deploy.0 = Debug|ARM
		{A26F17D2-12AB-4148-B253-C1719731C258}.Debug|iPhone.ActiveCfg = Debug|x86
		{A26F17D2-12AB-4148-B253-C1719731C258}.Debug|iPhone.Build.0 = Debug|x86
		{A26F17D2-12AB-4148-B253-C1719731C258}.Debug|iPhone.Deploy.0 = Debug|x86
		{A26F17D2-12AB-4148-B253-C1719731C258}.Debug|iPhoneSimulator.ActiveCfg = Debug|x86
		{A26F17D2-12AB-4148-B253-C1719731C258}.Debug|iPhoneSimulator.Build.0 = Debug|x86
		{A26F17D2-12AB-4148-B253-C1719731C258}.Debug|iPhoneSimulator.Deploy.0 = Debug|x86
		{A26F17D2-12AB-4148-B253-C1719731C258}.Debug|x64.ActiveCfg = Debug|x64
		{A26F17D2-12AB-4148-B253-C1719731C258}.Debug|x64.Build.0 = Debug|x64
		{A26F17D2-12AB-4148-B253-C1719731C258}.Debug|x64.Deploy.0 = Debug|x64
		{A26F17D2-12AB-4148-B253-C1719731C258}.Debug|x86.ActiveCfg = Debug|x86
		{A26F17D2-12AB-4148-B253-C1719731C258}.Debug|x86.Build.0 = Debug|x86
		{A26F17D2-12AB-4148-B253-C1719731C258}.Debug|x86.Deploy.0 = Debug|x86
		{A26F17D2-12AB-4148-B253-C1719731C258}.Release|Any CPU.ActiveCfg = Release|x86
		{A26F17D2-12AB-4148-B253-C1719731C258}.Release|Any CPU.Build.0 = Release|x86
		{A26F17D2-12AB-4148-B253-C1719731C258}.Release|Any CPU.Deploy.0 = Release|x86
		{A26F17D2-12AB-4148-B253-C1719731C258}.Release|ARM.ActiveCfg = Release|ARM
		{A26F17D2-12AB-4148-B253-C1719731C258}.Release|ARM.Build.0 = Release|ARM
		{A26F17D2-12AB-4148-B253-C1719731C258}.Release|ARM.Deploy.0 = Release|ARM
		{A26F17D2-12AB-4148-B253-C1719731C258}.Release|iPhone.ActiveCfg = Release|x86
		{A26F17D2-12AB-4148-B253-C1719731C258}.Release|iPhone.Build.0 = Release|x86
		{A26F17D2-12AB-4148-B253-C1719731C258}.Release|iPhone.Deploy.0 = Release|x86
		{A26F17D2-12AB-4148-B253-C1719731C258}.Release|iPhoneSimulator.ActiveCfg = Release|x86
		{A26F17D2-12AB-4148-B253-C1719731C258}.Release|iPhoneSimulator.Build.0 = Release|x86
		{A26F17D2-12AB-4148-B253-C1719731C258}.Release|iPhoneSimulator.Deploy.0 = Release|x86
		{A26F17D2-12AB-4148-B253-C1719731C258}.Release|x64.ActiveCfg = Release|x64
		{A26F17D2-12AB-4148-B253-C1719731C258}.Release|x64.Build.0 = Release|x64
		{A26F17D2-12AB-4148-B253-C1719731C258}.Release|x64.Deploy.0 = Release|x64
		{A26F17D2-12AB-4148-B253-C1719731C258}.Release|x86.ActiveCfg = Release|x86
		{A26F17D2-12AB-4148-B253-C1719731C258}.Release|x86.Build.0 = Release|x86
		{A26F17D2-12AB-4148-B253-C1719731C258}.Release|x86.Deploy.0 = Release|x86
		{42F00E63-E727-4722-B0DA-84BFFBAA6D8C}.Ad-Hoc|Any CPU.ActiveCfg = Debug|Any CPU
		{42F00E63-E727-4722-B0DA-84BFFBAA6D8C}.Ad-Hoc|Any CPU.Build.0 = Debug|Any CPU
		{42F00E63-E727-4722-B0DA-84BFFBAA6D8C}.Ad-Hoc|Any CPU.Deploy.0 = Debug|Any CPU
		{42F00E63-E727-4722-B0DA-84BFFBAA6D8C}.Ad-Hoc|ARM.ActiveCfg = Debug|Any CPU
		{42F00E63-E727-4722-B0DA-84BFFBAA6D8C}.Ad-Hoc|ARM.Build.0 = Debug|Any CPU
		{42F00E63-E727-4722-B0DA-84BFFBAA6D8C}.Ad-Hoc|ARM.Deploy.0 = Debug|Any CPU
		{42F00E63-E727-4722-B0DA-84BFFBAA6D8C}.Ad-Hoc|iPhone.ActiveCfg = Debug|Any CPU
		{42F00E63-E727-4722-B0DA-84BFFBAA6D8C}.Ad-Hoc|iPhone.Build.0 = Debug|Any CPU
		{42F00E63-E727-4722-B0DA-84BFFBAA6D8C}.Ad-Hoc|iPhone.Deploy.0 = Debug|Any CPU
		{42F00E63-E727-4722-B0DA-84BFFBAA6D8C}.Ad-Hoc|iPhoneSimulator.ActiveCfg = Debug|Any CPU
		{42F00E63-E727-4722-B0DA-84BFFBAA6D8C}.Ad-Hoc|iPhoneSimulator.Build.0 = Debug|Any CPU
		{42F00E63-E727-4722-B0DA-84BFFBAA6D8C}.Ad-Hoc|iPhoneSimulator.Deploy.0 = Debug|Any CPU
		{42F00E63-E727-4722-B0DA-84BFFBAA6D8C}.Ad-Hoc|x64.ActiveCfg = Debug|Any CPU
		{42F00E63-E727-4722-B0DA-84BFFBAA6D8C}.Ad-Hoc|x64.Build.0 = Debug|Any CPU
		{42F00E63-E727-4722-B0DA-84BFFBAA6D8C}.Ad-Hoc|x64.Deploy.0 = Debug|Any CPU
		{42F00E63-E727-4722-B0DA-84BFFBAA6D8C}.Ad-Hoc|x86.ActiveCfg = Debug|Any CPU
		{42F00E63-E727-4722-B0DA-84BFFBAA6D8C}.Ad-Hoc|x86.Build.0 = Debug|Any CPU
		{42F00E63-E727-4722-B0DA-84BFFBAA6D8C}.Ad-Hoc|x86.Deploy.0 = Debug|Any CPU
		{42F00E63-E727-4722-B0DA-84BFFBAA6D8C}.AppStore|Any CPU.ActiveCfg = Debug|Any CPU
		{42F00E63-E727-4722-B0DA-84BFFBAA6D8C}.AppStore|Any CPU.Build.0 = Debug|Any CPU
		{42F00E63-E727-4722-B0DA-84BFFBAA6D8C}.AppStore|Any CPU.Deploy.0 = Debug|Any CPU
		{42F00E63-E727-4722-B0DA-84BFFBAA6D8C}.AppStore|ARM.ActiveCfg = Debug|Any CPU
		{42F00E63-E727-4722-B0DA-84BFFBAA6D8C}.AppStore|ARM.Build.0 = Debug|Any CPU
		{42F00E63-E727-4722-B0DA-84BFFBAA6D8C}.AppStore|ARM.Deploy.0 = Debug|Any CPU
		{42F00E63-E727-4722-B0DA-84BFFBAA6D8C}.AppStore|iPhone.ActiveCfg = Debug|Any CPU
		{42F00E63-E727-4722-B0DA-84BFFBAA6D8C}.AppStore|iPhone.Build.0 = Debug|Any CPU
		{42F00E63-E727-4722-B0DA-84BFFBAA6D8C}.AppStore|iPhone.Deploy.0 = Debug|Any CPU
		{42F00E63-E727-4722-B0DA-84BFFBAA6D8C}.AppStore|iPhoneSimulator.ActiveCfg = Debug|Any CPU
		{42F00E63-E727-4722-B0DA-84BFFBAA6D8C}.AppStore|iPhoneSimulator.Build.0 = Debug|Any CPU
		{42F00E63-E727-4722-B0DA-84BFFBAA6D8C}.AppStore|iPhoneSimulator.Deploy.0 = Debug|Any CPU
		{42F00E63-E727-4722-B0DA-84BFFBAA6D8C}.AppStore|x64.ActiveCfg = Debug|Any CPU
		{42F00E63-E727-4722-B0DA-84BFFBAA6D8C}.AppStore|x64.Build.0 = Debug|Any CPU
		{42F00E63-E727-4722-B0DA-84BFFBAA6D8C}.AppStore|x64.Deploy.0 = Debug|Any CPU
		{42F00E63-E727-4722-B0DA-84BFFBAA6D8C}.AppStore|x86.ActiveCfg = Debug|Any CPU
		{42F00E63-E727-4722-B0DA-84BFFBAA6D8C}.AppStore|x86.Build.0 = Debug|Any CPU
		{42F00E63-E727-4722-B0DA-84BFFBAA6D8C}.AppStore|x86.Deploy.0 = Debug|Any CPU
		{42F00E63-E727-4722-B0DA-84BFFBAA6D8C}.Debug|Any CPU.ActiveCfg = Debug|Any CPU
		{42F00E63-E727-4722-B0DA-84BFFBAA6D8C}.Debug|Any CPU.Build.0 = Debug|Any CPU
		{42F00E63-E727-4722-B0DA-84BFFBAA6D8C}.Debug|Any CPU.Deploy.0 = Debug|Any CPU
		{42F00E63-E727-4722-B0DA-84BFFBAA6D8C}.Debug|ARM.ActiveCfg = Debug|Any CPU
		{42F00E63-E727-4722-B0DA-84BFFBAA6D8C}.Debug|ARM.Build.0 = Debug|Any CPU
		{42F00E63-E727-4722-B0DA-84BFFBAA6D8C}.Debug|ARM.Deploy.0 = Debug|Any CPU
		{42F00E63-E727-4722-B0DA-84BFFBAA6D8C}.Debug|iPhone.ActiveCfg = Debug|Any CPU
		{42F00E63-E727-4722-B0DA-84BFFBAA6D8C}.Debug|iPhone.Build.0 = Debug|Any CPU
		{42F00E63-E727-4722-B0DA-84BFFBAA6D8C}.Debug|iPhone.Deploy.0 = Debug|Any CPU
		{42F00E63-E727-4722-B0DA-84BFFBAA6D8C}.Debug|iPhoneSimulator.ActiveCfg = Debug|Any CPU
		{42F00E63-E727-4722-B0DA-84BFFBAA6D8C}.Debug|iPhoneSimulator.Build.0 = Debug|Any CPU
		{42F00E63-E727-4722-B0DA-84BFFBAA6D8C}.Debug|iPhoneSimulator.Deploy.0 = Debug|Any CPU
		{42F00E63-E727-4722-B0DA-84BFFBAA6D8C}.Debug|x64.ActiveCfg = Debug|Any CPU
		{42F00E63-E727-4722-B0DA-84BFFBAA6D8C}.Debug|x64.Build.0 = Debug|Any CPU
		{42F00E63-E727-4722-B0DA-84BFFBAA6D8C}.Debug|x64.Deploy.0 = Debug|Any CPU
		{42F00E63-E727-4722-B0DA-84BFFBAA6D8C}.Debug|x86.ActiveCfg = Debug|Any CPU
		{42F00E63-E727-4722-B0DA-84BFFBAA6D8C}.Debug|x86.Build.0 = Debug|Any CPU
		{42F00E63-E727-4722-B0DA-84BFFBAA6D8C}.Debug|x86.Deploy.0 = Debug|Any CPU
		{42F00E63-E727-4722-B0DA-84BFFBAA6D8C}.Release|Any CPU.ActiveCfg = Release|Any CPU
		{42F00E63-E727-4722-B0DA-84BFFBAA6D8C}.Release|Any CPU.Build.0 = Release|Any CPU
		{42F00E63-E727-4722-B0DA-84BFFBAA6D8C}.Release|Any CPU.Deploy.0 = Release|Any CPU
		{42F00E63-E727-4722-B0DA-84BFFBAA6D8C}.Release|ARM.ActiveCfg = Release|Any CPU
		{42F00E63-E727-4722-B0DA-84BFFBAA6D8C}.Release|ARM.Build.0 = Release|Any CPU
		{42F00E63-E727-4722-B0DA-84BFFBAA6D8C}.Release|ARM.Deploy.0 = Release|Any CPU
		{42F00E63-E727-4722-B0DA-84BFFBAA6D8C}.Release|iPhone.ActiveCfg = Release|Any CPU
		{42F00E63-E727-4722-B0DA-84BFFBAA6D8C}.Release|iPhone.Build.0 = Release|Any CPU
		{42F00E63-E727-4722-B0DA-84BFFBAA6D8C}.Release|iPhone.Deploy.0 = Release|Any CPU
		{42F00E63-E727-4722-B0DA-84BFFBAA6D8C}.Release|iPhoneSimulator.ActiveCfg = Release|Any CPU
		{42F00E63-E727-4722-B0DA-84BFFBAA6D8C}.Release|iPhoneSimulator.Build.0 = Release|Any CPU
		{42F00E63-E727-4722-B0DA-84BFFBAA6D8C}.Release|iPhoneSimulator.Deploy.0 = Release|Any CPU
		{42F00E63-E727-4722-B0DA-84BFFBAA6D8C}.Release|x64.ActiveCfg = Release|Any CPU
		{42F00E63-E727-4722-B0DA-84BFFBAA6D8C}.Release|x64.Build.0 = Release|Any CPU
		{42F00E63-E727-4722-B0DA-84BFFBAA6D8C}.Release|x64.Deploy.0 = Release|Any CPU
		{42F00E63-E727-4722-B0DA-84BFFBAA6D8C}.Release|x86.ActiveCfg = Release|Any CPU
		{42F00E63-E727-4722-B0DA-84BFFBAA6D8C}.Release|x86.Build.0 = Release|Any CPU
		{42F00E63-E727-4722-B0DA-84BFFBAA6D8C}.Release|x86.Deploy.0 = Release|Any CPU
	EndGlobalSection
	GlobalSection(SolutionProperties) = preSolution
		HideSolutionNode = FALSE
	EndGlobalSection
	GlobalSection(ExtensibilityGlobals) = postSolution
		SolutionGuid = {B6509C36-ABF1-48CC-B025-9B5B0928BD47}
	EndGlobalSection
EndGlobal
